
Microsoft Visual Studio Solution File, Format Version 12.00
# Visual Studio Version 17
VisualStudioVersion = 17.9.34728.123
MinimumVisualStudioVersion = 10.0.40219.1
Project("{9A19103F-16F7-4668-BE54-9A1E7A4F7556}") = "ElementaryUse", "ElementaryUse.csproj", "{6C58E3B2-EF5B-43BB-931B-C7DE79DDECA9}"
EndProject
Global
	GlobalSection(SolutionConfigurationPlatforms) = preSolution
		Debug|Any CPU = Debug|Any CPU
		Release|Any CPU = Release|Any CPU
	EndGlobalSection
	GlobalSection(ProjectConfigurationPlatforms) = postSolution
		{6C58E3B2-EF5B-43BB-931B-C7DE79DDECA9}.Debug|Any CPU.ActiveCfg = Debug|Any CPU
		{6C58E3B2-EF5B-43BB-931B-C7DE79DDECA9}.Debug|Any CPU.Build.0 = Debug|Any CPU
		{6C58E3B2-EF5B-43BB-931B-C7DE79DDECA9}.Release|Any CPU.ActiveCfg = Release|Any CPU
		{6C58E3B2-EF5B-43BB-931B-C7DE79DDECA9}.Release|Any CPU.Build.0 = Release|Any CPU
	EndGlobalSection
	GlobalSection(SolutionProperties) = preSolution
		HideSolutionNode = FALSE
	EndGlobalSection
	GlobalSection(ExtensibilityGlobals) = postSolution
		SolutionGuid = {54705165-2582-4602-A9EF-330723148E89}
	EndGlobalSection
EndGlobal
